
Microsoft Visual Studio Solution File, Format Version 12.00
# Visual Studio 2013
VisualStudioVersion = 12.0.40629.0
MinimumVisualStudioVersion = 10.0.40219.1
Project("{FAE04EC0-301F-11D3-BF4B-00C04F79EFBC}") = "ExtensibleLoanCalculator.Contract", "ExtensibleLoanCalculator\ExtensibleLoanCalculator.Contract.csproj", "{2BFCC9F6-B78A-4FFD-9B08-DBF82CC498AF}"
EndProject
Project("{FAE04EC0-301F-11D3-BF4B-00C04F79EFBC}") = "ExtensibleLoanCalculator.Lab", "ExtensibleLoanCalculator.Lab\ExtensibleLoanCalculator.Lab.csproj", "{49C0863C-9EFB-4C5F-8E84-66994E4C9201}"
EndProject
Project("{FAE04EC0-301F-11D3-BF4B-00C04F79EFBC}") = "ExtensibleLoanCalculator.AccruedLoanCalculator", "ExtensibleLoanCalculator.AccruedLoanCalculator\ExtensibleLoanCalculator.AccruedLoanCalculator.csproj", "{CD8608AD-7EA3-407E-AD93-9CBBBD747A9C}"
EndProject
Global
	GlobalSection(SolutionConfigurationPlatforms) = preSolution
		Debug|Any CPU = Debug|Any CPU
		Release|Any CPU = Release|Any CPU
	EndGlobalSection
	GlobalSection(ProjectConfigurationPlatforms) = postSolution
		{2BFCC9F6-B78A-4FFD-9B08-DBF82CC498AF}.Debug|Any CPU.ActiveCfg = Debug|Any CPU
		{2BFCC9F6-B78A-4FFD-9B08-DBF82CC498AF}.Debug|Any CPU.Build.0 = Debug|Any CPU
		{2BFCC9F6-B78A-4FFD-9B08-DBF82CC498AF}.Release|Any CPU.ActiveCfg = Release|Any CPU
		{2BFCC9F6-B78A-4FFD-9B08-DBF82CC498AF}.Release|Any CPU.Build.0 = Release|Any CPU
		{49C0863C-9EFB-4C5F-8E84-66994E4C9201}.Debug|Any CPU.ActiveCfg = Debug|Any CPU
		{49C0863C-9EFB-4C5F-8E84-66994E4C9201}.Debug|Any CPU.Build.0 = Debug|Any CPU
		{49C0863C-9EFB-4C5F-8E84-66994E4C9201}.Release|Any CPU.ActiveCfg = Release|Any CPU
		{49C0863C-9EFB-4C5F-8E84-66994E4C9201}.Release|Any CPU.Build.0 = Release|Any CPU
		{CD8608AD-7EA3-407E-AD93-9CBBBD747A9C}.Debug|Any CPU.ActiveCfg = Debug|Any CPU
		{CD8608AD-7EA3-407E-AD93-9CBBBD747A9C}.Debug|Any CPU.Build.0 = Debug|Any CPU
		{CD8608AD-7EA3-407E-AD93-9CBBBD747A9C}.Release|Any CPU.ActiveCfg = Release|Any CPU
		{CD8608AD-7EA3-407E-AD93-9CBBBD747A9C}.Release|Any CPU.Build.0 = Release|Any CPU
	EndGlobalSection
	GlobalSection(SolutionProperties) = preSolution
		HideSolutionNode = FALSE
	EndGlobalSection
EndGlobal
